<?xml version="1.0" encoding="utf-8"?>
<Project ToolsVersion="15.0" xmlns="http://schemas.microsoft.com/developer/msbuild/2003">
  <ItemGroup>
    <ClCompile Include="$(ProjectDir)\base64\base64_kernel_1.cpp" />
    <ClCompile Include="$(ProjectDir)\bigint\bigint_kernel_1.cpp" />
    <ClCompile Include="$(ProjectDir)\bigint\bigint_kernel_2.cpp" />
    <ClCompile Include="$(ProjectDir)\bit_stream\bit_stream_kernel_1.cpp" />
    <ClCompile Include="$(ProjectDir)\entropy_decoder\entropy_decoder_kernel_1.cpp" />
    <ClCompile Include="$(ProjectDir)\entropy_decoder\entropy_decoder_kernel_2.cpp" />
    <ClCompile Include="$(ProjectDir)\entropy_encoder\entropy_encoder_kernel_1.cpp" />
    <ClCompile Include="$(ProjectDir)\entropy_encoder\entropy_encoder_kernel_2.cpp" />
    <ClCompile Include="$(ProjectDir)\md5\md5_kernel_1.cpp" />
    <ClCompile Include="$(ProjectDir)\tokenizer\tokenizer_kernel_1.cpp" />
    <ClCompile Include="$(ProjectDir)\unicode\unicode.cpp" />
    <ClCompile Include="$(ProjectDir)\data_io\image_dataset_metadata.cpp" />
    <ClCompile Include="$(ProjectDir)\data_io\mnist.cpp" />
    <ClCompile Include="$(ProjectDir)\global_optimization\global_function_search.cpp" />
    <ClCompile Include="$(ProjectDir)\filtering\kalman_filter.cpp" />
    <ClCompile Include="$(ProjectDir)\test_for_odr_violations.cpp" />
    <ClCompile Include="$(ProjectDir)\sockets\sockets_kernel_1.cpp" />
    <ClCompile Include="$(ProjectDir)\bsp\bsp.cpp" />
    <ClCompile Include="$(ProjectDir)\linker\linker_kernel_1.cpp" />
    <ClCompile Include="$(ProjectDir)\logger\extra_logger_headers.cpp" />
    <ClCompile Include="$(ProjectDir)\logger\logger_kernel_1.cpp" />
    <ClCompile Include="$(ProjectDir)\logger\logger_config_file.cpp" />
    <ClCompile Include="$(ProjectDir)\misc_api\misc_api_kernel_1.cpp" />
    <ClCompile Include="$(ProjectDir)\misc_api\misc_api_kernel_2.cpp" />
    <ClCompile Include="$(ProjectDir)\sockets\sockets_extensions.cpp" />
    <ClCompile Include="$(ProjectDir)\sockets\sockets_kernel_2.cpp" />
    <ClCompile Include="$(ProjectDir)\sockstreambuf\sockstreambuf.cpp" />
    <ClCompile Include="$(ProjectDir)\sockstreambuf\sockstreambuf_unbuffered.cpp" />
    <ClCompile Include="$(ProjectDir)\server\server_kernel.cpp" />
    <ClCompile Include="$(ProjectDir)\server\server_iostream.cpp" />
    <ClCompile Include="$(ProjectDir)\server\server_http.cpp" />
    <ClCompile Include="$(ProjectDir)\threads\threaded_object_extension.cpp" />
    <ClCompile Include="$(ProjectDir)\threads\threads_kernel_1.cpp" />
    <ClCompile Include="$(ProjectDir)\threads\threads_kernel_2.cpp" />
    <ClCompile Include="$(ProjectDir)\threads\threads_kernel_shared.cpp" />
    <ClCompile Include="$(ProjectDir)\threads\thread_pool_extension.cpp" />
    <ClCompile Include="$(ProjectDir)\threads\async.cpp" />
    <ClCompile Include="$(ProjectDir)\timer\timer.cpp" />
    <ClCompile Include="$(ProjectDir)\stack_trace.cpp" />
    <ClCompile Include="$(ProjectDir)\gui_widgets\fonts.cpp" />
    <ClCompile Include="$(ProjectDir)\gui_widgets\widgets.cpp" />
    <ClCompile Include="$(ProjectDir)\gui_widgets\drawable.cpp" />
    <ClCompile Include="$(ProjectDir)\gui_widgets\canvas_drawing.cpp" />
    <ClCompile Include="$(ProjectDir)\gui_widgets\style.cpp" />
    <ClCompile Include="$(ProjectDir)\gui_widgets\base_widgets.cpp" />
    <ClCompile Include="$(ProjectDir)\gui_core\gui_core_kernel_1.cpp" />
    <ClCompile Include="$(ProjectDir)\gui_core\gui_core_kernel_2.cpp" />
    <ClCompile Include="$(ProjectDir)\external\libpng\png.c" />
    <ClCompile Include="$(ProjectDir)\external\libpng\pngerror.c" />
    <ClCompile Include="$(ProjectDir)\external\libpng\pngget.c" />
    <ClCompile Include="$(ProjectDir)\external\libpng\pngmem.c" />
    <ClCompile Include="$(ProjectDir)\external\libpng\pngpread.c" />
    <ClCompile Include="$(ProjectDir)\external\libpng\pngread.c" />
    <ClCompile Include="$(ProjectDir)\external\libpng\pngrio.c" />
    <ClCompile Include="$(ProjectDir)\external\libpng\pngrtran.c" />
    <ClCompile Include="$(ProjectDir)\external\libpng\pngrutil.c" />
    <ClCompile Include="$(ProjectDir)\external\libpng\pngset.c" />
    <ClCompile Include="$(ProjectDir)\external\libpng\pngtrans.c" />
    <ClCompile Include="$(ProjectDir)\external\libpng\pngwio.c" />
    <ClCompile Include="$(ProjectDir)\external\libpng\pngwrite.c" />
    <ClCompile Include="$(ProjectDir)\external\libpng\pngwtran.c" />
    <ClCompile Include="$(ProjectDir)\external\libpng\pngwutil.c" />
    <ClCompile Include="$(ProjectDir)\external\zlib\adler32.c" />
    <ClCompile Include="$(ProjectDir)\external\zlib\compress.c" />
    <ClCompile Include="$(ProjectDir)\external\zlib\crc32.c" />
    <ClCompile Include="$(ProjectDir)\external\zlib\deflate.c" />
    <ClCompile Include="$(ProjectDir)\external\zlib\gzclose.c" />
    <ClCompile Include="$(ProjectDir)\external\zlib\gzlib.c" />
    <ClCompile Include="$(ProjectDir)\external\zlib\gzread.c" />
    <ClCompile Include="$(ProjectDir)\external\zlib\gzwrite.c" />
    <ClCompile Include="$(ProjectDir)\external\zlib\infback.c" />
    <ClCompile Include="$(ProjectDir)\external\zlib\inffast.c" />
    <ClCompile Include="$(ProjectDir)\external\zlib\inflate.c" />
    <ClCompile Include="$(ProjectDir)\external\zlib\inftrees.c" />
    <ClCompile Include="$(ProjectDir)\external\zlib\trees.c" />
    <ClCompile Include="$(ProjectDir)\external\zlib\uncompr.c" />
    <ClCompile Include="$(ProjectDir)\external\zlib\zutil.c" />
    <ClCompile Include="$(ProjectDir)\image_loader\png_loader.cpp" />
    <ClCompile Include="$(ProjectDir)\image_saver\save_png.cpp" />
    <ClCompile Include="$(ProjectDir)\external\libjpeg\jcomapi.cpp" />
    <ClCompile Include="$(ProjectDir)\external\libjpeg\jdapimin.cpp" />
    <ClCompile Include="$(ProjectDir)\external\libjpeg\jdapistd.cpp" />
    <ClCompile Include="$(ProjectDir)\external\libjpeg\jdatasrc.cpp" />
    <ClCompile Include="$(ProjectDir)\external\libjpeg\jdcoefct.cpp" />
    <ClCompile Include="$(ProjectDir)\external\libjpeg\jdcolor.cpp" />
    <ClCompile Include="$(ProjectDir)\external\libjpeg\jddctmgr.cpp" />
    <ClCompile Include="$(ProjectDir)\external\libjpeg\jdhuff.cpp" />
    <ClCompile Include="$(ProjectDir)\external\libjpeg\jdinput.cpp" />
    <ClCompile Include="$(ProjectDir)\external\libjpeg\jdmainct.cpp" />
    <ClCompile Include="$(ProjectDir)\external\libjpeg\jdmarker.cpp" />
    <ClCompile Include="$(ProjectDir)\external\libjpeg\jdmaster.cpp" />
    <ClCompile Include="$(ProjectDir)\external\libjpeg\jdmerge.cpp" />
    <ClCompile Include="$(ProjectDir)\external\libjpeg\jdphuff.cpp" />
    <ClCompile Include="$(ProjectDir)\external\libjpeg\jdpostct.cpp" />
    <ClCompile Include="$(ProjectDir)\external\libjpeg\jdsample.cpp" />
    <ClCompile Include="$(ProjectDir)\external\libjpeg\jerror.cpp" />
    <ClCompile Include="$(ProjectDir)\external\libjpeg\jidctflt.cpp" />
    <ClCompile Include="$(ProjectDir)\external\libjpeg\jidctfst.cpp" />
    <ClCompile Include="$(ProjectDir)\external\libjpeg\jidctint.cpp" />
    <ClCompile Include="$(ProjectDir)\external\libjpeg\jidctred.cpp" />
    <ClCompile Include="$(ProjectDir)\external\libjpeg\jmemmgr.cpp" />
    <ClCompile Include="$(ProjectDir)\external\libjpeg\jmemnobs.cpp" />
    <ClCompile Include="$(ProjectDir)\external\libjpeg\jquant1.cpp" />
    <ClCompile Include="$(ProjectDir)\external\libjpeg\jquant2.cpp" />
    <ClCompile Include="$(ProjectDir)\external\libjpeg\jutils.cpp" />
    <ClCompile Include="$(ProjectDir)\external\libjpeg\jcapimin.cpp" />
    <ClCompile Include="$(ProjectDir)\external\libjpeg\jdatadst.cpp" />
    <ClCompile Include="$(ProjectDir)\external\libjpeg\jcparam.cpp" />
    <ClCompile Include="$(ProjectDir)\external\libjpeg\jcapistd.cpp" />
    <ClCompile Include="$(ProjectDir)\external\libjpeg\jcmarker.cpp" />
    <ClCompile Include="$(ProjectDir)\external\libjpeg\jcinit.cpp" />
    <ClCompile Include="$(ProjectDir)\external\libjpeg\jcmaster.cpp" />
    <ClCompile Include="$(ProjectDir)\external\libjpeg\jcdctmgr.cpp" />
    <ClCompile Include="$(ProjectDir)\external\libjpeg\jccoefct.cpp" />
    <ClCompile Include="$(ProjectDir)\external\libjpeg\jccolor.cpp" />
    <ClCompile Include="$(ProjectDir)\external\libjpeg\jchuff.cpp" />
    <ClCompile Include="$(ProjectDir)\external\libjpeg\jcmainct.cpp" />
    <ClCompile Include="$(ProjectDir)\external\libjpeg\jcphuff.cpp" />
    <ClCompile Include="$(ProjectDir)\external\libjpeg\jcprepct.cpp" />
    <ClCompile Include="$(ProjectDir)\external\libjpeg\jcsample.cpp" />
    <ClCompile Include="$(ProjectDir)\external\libjpeg\jfdctint.cpp" />
    <ClCompile Include="$(ProjectDir)\external\libjpeg\jfdctflt.cpp" />
    <ClCompile Include="$(ProjectDir)\external\libjpeg\jfdctfst.cpp" />
    <ClCompile Include="$(ProjectDir)\image_loader\jpeg_loader.cpp" />
    <ClCompile Include="$(ProjectDir)\image_saver\save_jpeg.cpp" />
    <ClCompile Include="threads\multithreaded_object_extension.cpp" />
    <ClCompile Include="dir_nav\dir_nav_extensions.cpp" />
    <ClCompile Include="dir_nav\dir_nav_kernel_1.cpp" />
    <ClCompile Include="dir_nav\dir_nav_kernel_2.cpp" />
    <ClCompile Include="dnn\cpu_dlib.cpp" />
    <ClCompile Include="dnn\cublas_dlibapi.cpp" />
    <ClCompile Include="dnn\cuda_data_ptr.cpp" />
    <ClCompile Include="dnn\cudnn_dlibapi.cpp" />
    <ClCompile Include="dnn\curand_dlibapi.cpp" />
    <ClCompile Include="dnn\gpu_data.cpp" />
    <ClCompile Include="dnn\tensor_tools.cpp" />
  </ItemGroup>
  <ItemGroup>
    <Filter Include="Source Files">
      <UniqueIdentifier>{565C167A-B108-3931-92F8-796A9802BDCA}</UniqueIdentifier>
    </Filter>
  </ItemGroup>
  <ItemGroup>
    <ClInclude Include="threads\async.h" />
    <ClInclude Include="threads\async_abstract.h" />
    <ClInclude Include="threads\auto_mutex_extension.h" />
    <ClInclude Include="threads\auto_mutex_extension_abstract.h" />
    <ClInclude Include="threads\auto_unlock_extension.h" />
    <ClInclude Include="threads\auto_unlock_extension_abstract.h" />
    <ClInclude Include="threads\create_new_thread_extension.h" />
    <ClInclude Include="threads\create_new_thread_extension_abstract.h" />
    <ClInclude Include="threads\multithreaded_object_extension.h" />
    <ClInclude Include="threads\multithreaded_object_extension_abstract.h" />
    <ClInclude Include="threads\parallel_for_extension.h" />
    <ClInclude Include="threads\parallel_for_extension_abstract.h" />
    <ClInclude Include="threads\posix.h" />
    <ClInclude Include="threads\read_write_mutex_extension.h" />
    <ClInclude Include="threads\read_write_mutex_extension_abstract.h" />
    <ClInclude Include="threads\rmutex_extension.h" />
    <ClInclude Include="threads\rmutex_extension_abstract.h" />
    <ClInclude Include="threads\rsignaler_extension.h" />
    <ClInclude Include="threads\rsignaler_extension_abstract.h" />
    <ClInclude Include="threads\thread_function_extension.h" />
    <ClInclude Include="threads\thread_function_extension_abstract.h" />
    <ClInclude Include="threads\thread_pool_extension.h" />
    <ClInclude Include="threads\thread_pool_extension_abstract.h" />
    <ClInclude Include="threads\thread_specific_data_extension.h" />
    <ClInclude Include="threads\thread_specific_data_extension_abstract.h" />
    <ClInclude Include="threads\threaded_object_extension.h" />
    <ClInclude Include="threads\threaded_object_extension_abstract.h" />
    <ClInclude Include="threads\threads_kernel.h" />
    <ClInclude Include="threads\threads_kernel_1.h" />
    <ClInclude Include="threads\threads_kernel_2.h" />
    <ClInclude Include="threads\threads_kernel_abstract.h" />
    <ClInclude Include="threads\threads_kernel_shared.h" />
    <ClInclude Include="threads\windows.h" />
    <ClInclude Include="dir_nav\dir_nav_extensions.h" />
    <ClInclude Include="dir_nav\dir_nav_extensions_abstract.h" />
    <ClInclude Include="dir_nav\dir_nav_kernel_1.h" />
    <ClInclude Include="dir_nav\dir_nav_kernel_2.h" />
    <ClInclude Include="dir_nav\dir_nav_kernel_abstract.h" />
    <ClInclude Include="dir_nav\posix.h" />
    <ClInclude Include="dir_nav\windows.h" />
    <ClInclude Include="dnn\validation.h" />
    <ClInclude Include="dnn\core.h" />
    <ClInclude Include="dnn\core_abstract.h" />
    <ClInclude Include="dnn\cpu_dlib.h" />
    <ClInclude Include="dnn\cublas_dlibapi.h" />
    <ClInclude Include="dnn\cuda_data_ptr.h" />
    <ClInclude Include="dnn\cuda_dlib.h" />
    <ClInclude Include="dnn\cuda_errors.h" />
    <ClInclude Include="dnn\cuda_utils.h" />
    <ClInclude Include="dnn\cudnn_dlibapi.h" />
    <ClInclude Include="dnn\curand_dlibapi.h" />
    <ClInclude Include="dnn\cusolver_dlibapi.h" />
    <ClInclude Include="dnn\gpu_data.h" />
    <ClInclude Include="dnn\gpu_data_abstract.h" />
    <ClInclude Include="dnn\input.h" />
    <ClInclude Include="dnn\input_abstract.h" />
    <ClInclude Include="dnn\layers.h" />
    <ClInclude Include="dnn\layers_abstract.h" />
    <ClInclude Include="dnn\loss.h" />
    <ClInclude Include="dnn\loss_abstract.h" />
    <ClInclude Include="dnn\solvers.h" />
    <ClInclude Include="dnn\solvers_abstract.h" />
    <ClInclude Include="dnn\tensor.h" />
    <ClInclude Include="dnn\tensor_abstract.h" />
    <ClInclude Include="dnn\tensor_tools.h" />
    <ClInclude Include="dnn\trainer.h" />
    <ClInclude Include="dnn\trainer_abstract.h" />
    <ClInclude Include="dnn\utilities.h" />
    <ClInclude Include="dnn\utilities_abstract.h" />
  </ItemGroup>
  <ItemGroup>
    <None Include="dnn\cuda_dlib.cu" />
    <None Include="dnn\cusolver_dlibapi.cu" />
  </ItemGroup>
</Project>